// !$*UTF8*$!
{
	archiveVersion = 1;
	classes = {
	};
	objectVersion = 46;
	objects = {

/* Begin PBXBuildFile section */
		A84F41671E8BE8B200965CA4 /* main.m in Sources */ = {isa = PBXBuildFile; fileRef = A84F41661E8BE8B200965CA4 /* main.m */; };
		A84F416A1E8BE8B200965CA4 /* AppDelegate.m in Sources */ = {isa = PBXBuildFile; fileRef = A84F41691E8BE8B200965CA4 /* AppDelegate.m */; };
		A84F416D1E8BE8B200965CA4 /* ViewController.m in Sources */ = {isa = PBXBuildFile; fileRef = A84F416C1E8BE8B200965CA4 /* ViewController.m */; };
		A84F41701E8BE8B200965CA4 /* Main.storyboard in Resources */ = {isa = PBXBuildFile; fileRef = A84F416E1E8BE8B200965CA4 /* Main.storyboard */; };
		A84F41721E8BE8B200965CA4 /* Assets.xcassets in Resources */ = {isa = PBXBuildFile; fileRef = A84F41711E8BE8B200965CA4 /* Assets.xcassets */; };
		A84F41751E8BE8B200965CA4 /* LaunchScreen.storyboard in Resources */ = {isa = PBXBuildFile; fileRef = A84F41731E8BE8B200965CA4 /* LaunchScreen.storyboard */; };
		A84F417E1E8BEA4300965CA4 /* CollectionViewCell.m in Sources */ = {isa = PBXBuildFile; fileRef = A84F417D1E8BEA4300965CA4 /* CollectionViewCell.m */; };
/* End PBXBuildFile section */

/* Begin PBXFileReference section */
		A84F41621E8BE8B200965CA4 /* qgg.app */ = {isa = PBXFileReference; explicitFileType = wrapper.application; includeInIndex = 0; path = qgg.app; sourceTree = BUILT_PRODUCTS_DIR; };
		A84F41661E8BE8B200965CA4 /* main.m */ = {isa = PBXFileReference; lastKnownFileType = sourcecode.c.objc; path = main.m; sourceTree = "<group>"; };
		A84F41681E8BE8B200965CA4 /* AppDelegate.h */ = {isa = PBXFileReference; lastKnownFileType = sourcecode.c.h; path = AppDelegate.h; sourceTree = "<group>"; };
		A84F41691E8BE8B200965CA4 /* AppDelegate.m */ = {isa = PBXFileReference; lastKnownFileType = sourcecode.c.objc; path = AppDelegate.m; sourceTree = "<group>"; };
		A84F416B1E8BE8B200965CA4 /* ViewController.h */ = {isa = PBXFileReference; lastKnownFileType = sourcecode.c.h; path = ViewController.h; sourceTree = "<group>"; };
		A84F416C1E8BE8B200965CA4 /* ViewController.m */ = {isa = PBXFileReference; lastKnownFileType = sourcecode.c.objc; path = ViewController.m; sourceTree = "<group>"; };
		A84F416F1E8BE8B200965CA4 /* Base */ = {isa = PBXFileReference; lastKnownFileType = file.storyboard; name = Base; path = Base.lproj/Main.storyboard; sourceTree = "<group>"; };
		A84F41711E8BE8B200965CA4 /* Assets.xcassets */ = {isa = PBXFileReference; lastKnownFileType = folder.assetcatalog; path = Assets.xcassets; sourceTree = "<group>"; };
		A84F41741E8BE8B200965CA4 /* Base */ = {isa = PBXFileReference; lastKnownFileType = file.storyboard; name = Base; path = Base.lproj/LaunchScreen.storyboard; sourceTree = "<group>"; };
		A84F41761E8BE8B200965CA4 /* Info.plist */ = {isa = PBXFileReference; lastKnownFileType = text.plist.xml; path = Info.plist; sourceTree = "<group>"; };
		A84F417C1E8BEA4300965CA4 /* CollectionViewCell.h */ = {isa = PBXFileReference; fileEncoding = 4; lastKnownFileType = sourcecode.c.h; path = CollectionViewCell.h; sourceTree = "<group>"; };
		A84F417D1E8BEA4300965CA4 /* CollectionViewCell.m */ = {isa = PBXFileReference; fileEncoding = 4; lastKnownFileType = sourcecode.c.objc; path = CollectionViewCell.m; sourceTree = "<group>"; };
/* End PBXFileReference section */

/* Begin PBXFrameworksBuildPhase section */
		A84F415F1E8BE8B200965CA4 /* Frameworks */ = {
			isa = PBXFrameworksBuildPhase;
			buildActionMask = 2147483647;
			files = (
			);
			runOnlyForDeploymentPostprocessing = 0;
		};
/* End PBXFrameworksBuildPhase section */

/* Begin PBXGroup section */
		A84F41591E8BE8B200965CA4 = {
			isa = PBXGroup;
			children = (
				A84F41641E8BE8B200965CA4 /* qgg */,
				A84F41631E8BE8B200965CA4 /* Products */,
			);
			sourceTree = "<group>";
		};
		A84F41631E8BE8B200965CA4 /* Products */ = {
			isa = PBXGroup;
			children = (
				A84F41621E8BE8B200965CA4 /* qgg.app */,
			);
			name = Products;
			sourceTree = "<group>";
		};
		A84F41641E8BE8B200965CA4 /* qgg */ = {
			isa = PBXGroup;
			children = (
				A84F41681E8BE8B200965CA4 /* AppDelegate.h */,
				A84F41691E8BE8B200965CA4 /* AppDelegate.m */,
				A84F416B1E8BE8B200965CA4 /* ViewController.h */,
				A84F416C1E8BE8B200965CA4 /* ViewController.m */,
				A84F417C1E8BEA4300965CA4 /* CollectionViewCell.h */,
				A84F417D1E8BEA4300965CA4 /* CollectionViewCell.m */,
				A84F416E1E8BE8B200965CA4 /* Main.storyboard */,
				A84F41711E8BE8B200965CA4 /* Assets.xcassets */,
				A84F41731E8BE8B200965CA4 /* LaunchScreen.storyboard */,
				A84F41761E8BE8B200965CA4 /* Info.plist */,
				A84F41651E8BE8B200965CA4 /* Supporting Files */,
			);
			path = qgg;
			sourceTree = "<group>";
		};
		A84F41651E8BE8B200965CA4 /* Supporting Files */ = {
			isa = PBXGroup;
			children = (
				A84F41661E8BE8B200965CA4 /* main.m */,
			);
			name = "Supporting Files";
			sourceTree = "<group>";
		};
/* End PBXGroup section */

/* Begin PBXNativeTarget section */
		A84F41611E8BE8B200965CA4 /* qgg */ = {
			isa = PBXNativeTarget;
			buildConfigurationList = A84F41791E8BE8B200965CA4 /* Build configuration list for PBXNativeTarget "qgg" */;
			buildPhases = (
				A84F415E1E8BE8B200965CA4 /* Sources */,
				A84F415F1E8BE8B200965CA4 /* Frameworks */,
				A84F41601E8BE8B200965CA4 /* Resources */,
			);
			buildRules = (
			);
			dependencies = (
			);
			name = qgg;
			productName = qgg;
			productReference = A84F41621E8BE8B200965CA4 /* qgg.app */;
			productType = "com.apple.product-type.application";
		};
/* End PBXNativeTarget section */

/* Begin PBXProject section */
		A84F415A1E8BE8B200965CA4 /* Project object */ = {
			isa = PBXProject;
			attributes = {
				LastUpgradeCheck = 0810;
				ORGANIZATIONNAME = "李文全";
				TargetAttributes = {
					A84F41611E8BE8B200965CA4 = {
						CreatedOnToolsVersion = 8.1;
						DevelopmentTeam = 2V443T93A8;
						ProvisioningStyle = Automatic;
					};
				};
			};
			buildConfigurationList = A84F415D1E8BE8B200965CA4 /* Build configuration list for PBXProject "qgg" */;
			compatibilityVersion = "Xcode 3.2";
			developmentRegion = English;
			hasScannedForEncodings = 0;
			knownRegions = (
				en,
				Base,
			);
			mainGroup = A84F41591E8BE8B200965CA4;
			productRefGroup = A84F41631E8BE8B200965CA4 /* Products */;
			projectDirPath = "";
			projectRoot = "";
			targets = (
				A84F41611E8BE8B200965CA4 /* qgg */,
			);
		};
/* End PBXProject section */

/* Begin PBXResourcesBuildPhase section */
		A84F41601E8BE8B200965CA4 /* Resources */ = {
			isa = PBXResourcesBuildPhase;
			buildActionMask = 2147483647;
			files = (
				A84F41751E8BE8B200965CA4 /* LaunchScreen.storyboard in Resources */,
				A84F41721E8BE8B200965CA4 /* Assets.xcassets in Resources */,
				A84F41701E8BE8B200965CA4 /* Main.storyboard in Resources */,
			);
			runOnlyForDeploymentPostprocessing = 0;
		};
/* End PBXResourcesBuildPhase section */

/* Begin PBXSourcesBuildPhase section */
		A84F415E1E8BE8B200965CA4 /* Sources */ = {
			isa = PBXSourcesBuildPhase;
			buildActionMask = 2147483647;
			files = (
				A84F416D1E8BE8B200965CA4 /* ViewController.m in Sources */,
				A84F416A1E8BE8B200965CA4 /* AppDelegate.m in Sources */,
				A84F417E1E8BEA4300965CA4 /* CollectionViewCell.m in Sources */,
				A84F41671E8BE8B200965CA4 /* main.m in Sources */,
			);
			runOnlyForDeploymentPostprocessing = 0;
		};
/* End PBXSourcesBuildPhase section */

/* Begin PBXVariantGroup section */
		A84F416E1E8BE8B200965CA4 /* Main.storyboard */ = {
			isa = PBXVariantGroup;
			children = (
				A84F416F1E8BE8B200965CA4 /* Base */,
			);
			name = Main.storyboard;
			sourceTree = "<group>";
		};
		A84F41731E8BE8B200965CA4 /* LaunchScreen.storyboard */ = {
			isa = PBXVariantGroup;
			children = (
				A84F41741E8BE8B200965CA4 /* Base */,
			);
			name = LaunchScreen.storyboard;
			sourceTree = "<group>";
		};
/* End PBXVariantGroup section */

/* Begin XCBuildConfiguration section */
		A84F41771E8BE8B200965CA4 /* Debug */ = {
			isa = XCBuildConfiguration;
			buildSettings = {
				ALWAYS_SEARCH_USER_PATHS = NO;
				CLANG_ANALYZER_NONNULL = YES;
				CLANG_CXX_LANGUAGE_STANDARD = "gnu++0x";
				CLANG_CXX_LIBRARY = "libc++";
				CLANG_ENABLE_MODULES = YES;
				CLANG_ENABLE_OBJC_ARC = YES;
				CLANG_WARN_BOOL_CONVERSION = YES;
				CLANG_WARN_CONSTANT_CONVERSION = YES;
				CLANG_WARN_DIRECT_OBJC_ISA_USAGE = YES_ERROR;
				CLANG_WARN_DOCUMENTATION_COMMENTS = YES;
				CLANG_WARN_EMPTY_BODY = YES;
				CLANG_WARN_ENUM_CONVERSION = YES;
				CLANG_WARN_INFINITE_RECURSION = YES;
				CLANG_WARN_INT_CONVERSION = YES;
				CLANG_WARN_OBJC_ROOT_CLASS = YES_ERROR;
				CLANG_WARN_SUSPICIOUS_MOVES = YES;
				CLANG_WARN_UNREACHABLE_CODE = YES;
				CLANG_WARN__DUPLICATE_METHOD_MATCH = YES;
				"CODE_SIGN_IDENTITY[sdk=iphoneos*]" = "iPhone Developer";
				COPY_PHASE_STRIP = NO;
				DEBUG_INFORMATION_FORMAT = dwarf;
				ENABLE_STRICT_OBJC_MSGSEND = YES;
				ENABLE_TESTABILITY = YES;
				GCC_C_LANGUAGE_STANDARD = gnu99;
				GCC_DYNAMIC_NO_PIC = NO;
				GCC_NO_COMMON_BLOCKS = YES;
				GCC_OPTIMIZATION_LEVEL = 0;
				GCC_PREPROCESSOR_DEFINITIONS = (
					"DEBUG=1",
					"$(inherited)",
				);
				GCC_WARN_64_TO_32_BIT_CONVERSION = YES;
				GCC_WARN_ABOUT_RETURN_TYPE = YES_ERROR;
				GCC_WARN_UNDECLARED_SELECTOR = YES;
				GCC_WARN_UNINITIALIZED_AUTOS = YES_AGGRESSIVE;
				GCC_WARN_UNUSED_FUNCTION = YES;
				GCC_WARN_UNUSED_VARIABLE = YES;
				IPHONEOS_DEPLOYMENT_TARGET = 10.1;
				MTL_ENABLE_DEBUG_INFO = YES;
				ONLY_ACTIVE_ARCH = YES;
				SDKROOT = iphoneos;
				TARGETED_DEVICE_FAMILY = "1,2";
			};
			name = Debug;
		};
		A84F41781E8BE8B200965CA4 /* Release */ = {
			isa = XCBuildConfiguration;
			buildSettings = {
				ALWAYS_SEARCH_USER_PATHS = NO;
				CLANG_ANALYZER_NONNULL = YES;
				CLANG_CXX_LANGUAGE_STANDARD = "gnu++0x";
				CLANG_CXX_LIBRARY = "libc++";
				CLANG_ENABLE_MODULES = YES;
				CLANG_ENABLE_OBJC_ARC = YES;
				CLANG_WARN_BOOL_CONVERSION = YES;
				CLANG_WARN_CONSTANT_CONVERSION = YES;
				CLANG_WARN_DIRECT_OBJC_ISA_USAGE = YES_ERROR;
				CLANG_WARN_DOCUMENTATION_COMMENTS = YES;
				CLANG_WARN_EMPTY_BODY = YES;
				CLANG_WARN_ENUM_CONVERSION = YES;
				CLANG_WARN_INFINITE_RECURSION = YES;
				CLANG_WARN_INT_CONVERSION = YES;
				CLANG_WARN_OBJC_ROOT_CLASS = YES_ERROR;
				CLANG_WARN_SUSPICIOUS_MOVES = YES;
				CLANG_WARN_UNREACHABLE_CODE = YES;
				CLANG_WARN__DUPLICATE_METHOD_MATCH = YES;
				"CODE_SIGN_IDENTITY[sdk=iphoneos*]" = "iPhone Developer";
				COPY_PHASE_STRIP = NO;
				DEBUG_INFORMATION_FORMAT = "dwarf-with-dsym";
				ENABLE_NS_ASSERTIONS = NO;
				ENABLE_STRICT_OBJC_MSGSEND = YES;
				GCC_C_LANGUAGE_STANDARD = gnu99;
				GCC_NO_COMMON_BLOCKS = YES;
				GCC_WARN_64_TO_32_BIT_CONVERSION = YES;
				GCC_WARN_ABOUT_RETURN_TYPE = YES_ERROR;
				GCC_WARN_UNDECLARED_SELECTOR = YES;
				GCC_WARN_UNINITIALIZED_AUTOS = YES_AGGRESSIVE;
				GCC_WARN_UNUSED_FUNCTION = YES;
				GCC_WARN_UNUSED_VARIABLE = YES;
				IPHONEOS_DEPLOYMENT_TARGET = 10.1;
				MTL_ENABLE_DEBUG_INFO = NO;
				SDKROOT = iphoneos;
				TARGETED_DEVICE_FAMILY = "1,2";
				VALIDATE_PRODUCT = YES;
			};
			name = Release;
		};
		A84F417A1E8BE8B200965CA4 /* Debug */ = {
			isa = XCBuildConfiguration;
			buildSettings = {
				ASSETCATALOG_COMPILER_APPICON_NAME = AppIcon;
				DEVELOPMENT_TEAM = 2V443T93A8;
				INFOPLIST_FILE = qgg/Info.plist;
				LD_RUNPATH_SEARCH_PATHS = "$(inherited) @executable_path/Frameworks";
				PRODUCT_BUNDLE_IDENTIFIER = liwenquan.qgg;
				PRODUCT_NAME = "$(TARGET_NAME)";
			};
			name = Debug;
		};
		A84F417B1E8BE8B200965CA4 /* Release */ = {
			isa = XCBuildConfiguration;
			buildSettings = {
				ASSETCATALOG_COMPILER_APPICON_NAME = AppIcon;
				DEVELOPMENT_TEAM = 2V443T93A8;
				INFOPLIST_FILE = qgg/Info.plist;
				LD_RUNPATH_SEARCH_PATHS = "$(inherited) @executable_path/Frameworks";
				PRODUCT_BUNDLE_IDENTIFIER = liwenquan.qgg;
				PRODUCT_NAME = "$(TARGET_NAME)";
			};
			name = Release;
		};
/* End XCBuildConfiguration section */

/* Begin XCConfigurationList section */
		A84F415D1E8BE8B200965CA4 /* Build configuration list for PBXProject "qgg" */ = {
			isa = XCConfigurationList;
			buildConfigurations = (
				A84F41771E8BE8B200965CA4 /* Debug */,
				A84F41781E8BE8B200965CA4 /* Release */,
			);
			defaultConfigurationIsVisible = 0;
			defaultConfigurationName = Release;
		};
		A84F41791E8BE8B200965CA4 /* Build configuration list for PBXNativeTarget "qgg" */ = {
			isa = XCConfigurationList;
			buildConfigurations = (
				A84F417A1E8BE8B200965CA4 /* Debug */,
				A84F417B1E8BE8B200965CA4 /* Release */,
			);
			defaultConfigurationIsVisible = 0;
		};
/* End XCConfigurationList section */
	};
	rootObject = A84F415A1E8BE8B200965CA4 /* Project object */;
}
